// !$*UTF8*$!
{
	archiveVersion = 1;
	classes = {
	};
	objectVersion = 46;
	objects = {

/* Begin PBXBuildFile section */
		183206761660BB5500EA3FD1 /* CycleScrollView.m in Sources */ = {isa = PBXBuildFile; fileRef = 183206751660BB5500EA3FD1 /* CycleScrollView.m */; };
		183206801660C13600EA3FD1 /* HFScrollViewViewController.m in Sources */ = {isa = PBXBuildFile; fileRef = 1832067E1660C13600EA3FD1 /* HFScrollViewViewController.m */; };
		183206811660C13600EA3FD1 /* HFScrollViewViewController.xib in Resources */ = {isa = PBXBuildFile; fileRef = 1832067F1660C13600EA3FD1 /* HFScrollViewViewController.xib */; };
		1848AF1616328FD800AD42B6 /* UIKit.framework in Frameworks */ = {isa = PBXBuildFile; fileRef = 1848AF1516328FD800AD42B6 /* UIKit.framework */; };
		1848AF1816328FD800AD42B6 /* Foundation.framework in Frameworks */ = {isa = PBXBuildFile; fileRef = 1848AF1716328FD800AD42B6 /* Foundation.framework */; };
		1848AF1A16328FD800AD42B6 /* CoreGraphics.framework in Frameworks */ = {isa = PBXBuildFile; fileRef = 1848AF1916328FD800AD42B6 /* CoreGraphics.framework */; };
		1848AF2016328FD800AD42B6 /* InfoPlist.strings in Resources */ = {isa = PBXBuildFile; fileRef = 1848AF1E16328FD800AD42B6 /* InfoPlist.strings */; };
		1848AF2216328FD800AD42B6 /* main.m in Sources */ = {isa = PBXBuildFile; fileRef = 1848AF2116328FD800AD42B6 /* main.m */; };
		1848AF2616328FD800AD42B6 /* HFAppDelegate.m in Sources */ = {isa = PBXBuildFile; fileRef = 1848AF2516328FD800AD42B6 /* HFAppDelegate.m */; };
		1848AF2816328FD800AD42B6 /* Default.png in Resources */ = {isa = PBXBuildFile; fileRef = 1848AF2716328FD800AD42B6 /* Default.png */; };
		1848AF2A16328FD800AD42B6 /* Default@2x.png in Resources */ = {isa = PBXBuildFile; fileRef = 1848AF2916328FD800AD42B6 /* Default@2x.png */; };
		1848AF2C16328FD800AD42B6 /* Default-568h@2x.png in Resources */ = {isa = PBXBuildFile; fileRef = 1848AF2B16328FD800AD42B6 /* Default-568h@2x.png */; };
		1848AF2F16328FD800AD42B6 /* HFBaseViewController.m in Sources */ = {isa = PBXBuildFile; fileRef = 1848AF2E16328FD800AD42B6 /* HFBaseViewController.m */; };
		1848AF3216328FD800AD42B6 /* HFBaseViewController.xib in Resources */ = {isa = PBXBuildFile; fileRef = 1848AF3016328FD800AD42B6 /* HFBaseViewController.xib */; };
		60390DEF8443AB722552E435 /* Array.m in Sources */ = {isa = PBXBuildFile; fileRef = 60390693556A2D35E43E2729 /* Array.m */; };
		60390F03B7B1D78B14DECB02 /* HFAnimation.m in Sources */ = {isa = PBXBuildFile; fileRef = 60390C31B0D47E2AE9AF071F /* HFAnimation.m */; };
		962F700A165C9D760032A849 /* HttpExampleViewController.m in Sources */ = {isa = PBXBuildFile; fileRef = 962F7008165C9D760032A849 /* HttpExampleViewController.m */; };
		962F700B165C9D760032A849 /* HttpExampleViewController.xib in Resources */ = {isa = PBXBuildFile; fileRef = 962F7009165C9D760032A849 /* HttpExampleViewController.xib */; };
		962F701E165CACAB0032A849 /* WebPictureViewController.m in Sources */ = {isa = PBXBuildFile; fileRef = 962F701C165CACAB0032A849 /* WebPictureViewController.m */; };
		962F701F165CACAB0032A849 /* WebPictureViewController.xib in Resources */ = {isa = PBXBuildFile; fileRef = 962F701D165CACAB0032A849 /* WebPictureViewController.xib */; };
		962F7028165CAFD30032A849 /* HFButtonExampleViewController.m in Sources */ = {isa = PBXBuildFile; fileRef = 962F7026165CAFD20032A849 /* HFButtonExampleViewController.m */; };
		962F7029165CAFD30032A849 /* HFButtonExampleViewController.xib in Resources */ = {isa = PBXBuildFile; fileRef = 962F7027165CAFD20032A849 /* HFButtonExampleViewController.xib */; };
		962F702E165CB5810032A849 /* AnimationExampleViewController.m in Sources */ = {isa = PBXBuildFile; fileRef = 962F702C165CB5800032A849 /* AnimationExampleViewController.m */; };
		962F702F165CB5810032A849 /* AnimationExampleViewController.xib in Resources */ = {isa = PBXBuildFile; fileRef = 962F702D165CB5810032A849 /* AnimationExampleViewController.xib */; };
		96352B6A16631B53001926B9 /* UIView+Screenshot.m in Sources */ = {isa = PBXBuildFile; fileRef = 96352B6916631B53001926B9 /* UIView+Screenshot.m */; };
		96352B7B166323A1001926B9 /* ScreenshotExampleViewController.m in Sources */ = {isa = PBXBuildFile; fileRef = 96352B79166323A1001926B9 /* ScreenshotExampleViewController.m */; };
		96352B7C166323A1001926B9 /* ScreenshotExampleViewController.xib in Resources */ = {isa = PBXBuildFile; fileRef = 96352B7A166323A1001926B9 /* ScreenshotExampleViewController.xib */; };
		96791688165CBFE2006F52B9 /* VoiceReadViewController.m in Sources */ = {isa = PBXBuildFile; fileRef = 96791686165CBFE2006F52B9 /* VoiceReadViewController.m */; };
		96791689165CBFE2006F52B9 /* VoiceReadViewController.xib in Resources */ = {isa = PBXBuildFile; fileRef = 96791687165CBFE2006F52B9 /* VoiceReadViewController.xib */; };
		9679168E165CD819006F52B9 /* VoiceExampleViewController.m in Sources */ = {isa = PBXBuildFile; fileRef = 9679168C165CD819006F52B9 /* VoiceExampleViewController.m */; };
		9679168F165CD819006F52B9 /* VoiceExampleViewController.xib in Resources */ = {isa = PBXBuildFile; fileRef = 9679168D165CD819006F52B9 /* VoiceExampleViewController.xib */; };
		96876D76164BA44200406C92 /* NSString+Additions.m in Sources */ = {isa = PBXBuildFile; fileRef = 96876D74164BA44200406C92 /* NSString+Additions.m */; };
		96876D7C164BB8B100406C92 /* UIImage+Extensions.m in Sources */ = {isa = PBXBuildFile; fileRef = 96876D7B164BB8B100406C92 /* UIImage+Extensions.m */; };
		96876D80164BBBB800406C92 /* UIViewAdditions.m in Sources */ = {isa = PBXBuildFile; fileRef = 96876D7F164BBBB800406C92 /* UIViewAdditions.m */; };
		96876D84164BCAD000406C92 /* Global_macro.m in Sources */ = {isa = PBXBuildFile; fileRef = 96876D83164BCAD000406C92 /* Global_macro.m */; };
		96876D93164C048600406C92 /* HomeViewController.m in Sources */ = {isa = PBXBuildFile; fileRef = 96876D91164C048500406C92 /* HomeViewController.m */; };
		96876D94164C048600406C92 /* HomeViewController.xib in Resources */ = {isa = PBXBuildFile; fileRef = 96876D92164C048500406C92 /* HomeViewController.xib */; };
		969340241656110B00F1BDC1 /* iflyMSC.framework in Frameworks */ = {isa = PBXBuildFile; fileRef = 969340231656110B00F1BDC1 /* iflyMSC.framework */; };
		9693402A165613DC00F1BDC1 /* SystemConfiguration.framework in Frameworks */ = {isa = PBXBuildFile; fileRef = 96934029165613DC00F1BDC1 /* SystemConfiguration.framework */; };
		9693402C1656141600F1BDC1 /* CFNetwork.framework in Frameworks */ = {isa = PBXBuildFile; fileRef = 9693402B1656141600F1BDC1 /* CFNetwork.framework */; settings = {ATTRIBUTES = (Weak, ); }; };
		9693402E1656144D00F1BDC1 /* QuartzCore.framework in Frameworks */ = {isa = PBXBuildFile; fileRef = 9693402D1656144D00F1BDC1 /* QuartzCore.framework */; settings = {ATTRIBUTES = (Weak, ); }; };
		96934030165615AD00F1BDC1 /* AudioToolbox.framework in Frameworks */ = {isa = PBXBuildFile; fileRef = 9693402F165615AD00F1BDC1 /* AudioToolbox.framework */; };
		9693403A16561F8D00F1BDC1 /* NSDictionary_HFDictionary.m in Sources */ = {isa = PBXBuildFile; fileRef = 9693403916561F8D00F1BDC1 /* NSDictionary_HFDictionary.m */; };
		969D909E1658A9EA00A382B2 /* HFStyle.m in Sources */ = {isa = PBXBuildFile; fileRef = 969D909D1658A9EA00A382B2 /* HFStyle.m */; };
		969D90A41658AC4C00A382B2 /* btm_nav.png in Resources */ = {isa = PBXBuildFile; fileRef = 969D90A01658AC4C00A382B2 /* btm_nav.png */; };
		969D90A51658AC4C00A382B2 /* btm_nav@2x.png in Resources */ = {isa = PBXBuildFile; fileRef = 969D90A11658AC4C00A382B2 /* btm_nav@2x.png */; };
		969D90AA1658B2DD00A382B2 /* navigation.jpg in Resources */ = {isa = PBXBuildFile; fileRef = 969D90A81658B2DD00A382B2 /* navigation.jpg */; };
		969D90AB1658B2DD00A382B2 /* navigation@2x.jpg in Resources */ = {isa = PBXBuildFile; fileRef = 969D90A91658B2DD00A382B2 /* navigation@2x.jpg */; };
		969D90AE1658C57000A382B2 /* UIColor+Hex.m in Sources */ = {isa = PBXBuildFile; fileRef = 969D90AD1658C57000A382B2 /* UIColor+Hex.m */; };
		969D90C01658FB6200A382B2 /* HFButton.m in Sources */ = {isa = PBXBuildFile; fileRef = 969D90BF1658FB6200A382B2 /* HFButton.m */; };
		96A2F81D1663443B00E61D4F /* FlodExampleViewController.m in Sources */ = {isa = PBXBuildFile; fileRef = 96A2F81B1663443B00E61D4F /* FlodExampleViewController.m */; };
		96A2F81E1663443B00E61D4F /* FlodExampleViewController.xib in Resources */ = {isa = PBXBuildFile; fileRef = 96A2F81C1663443B00E61D4F /* FlodExampleViewController.xib */; };
		96E517091632AFB300E7D20C /* HFHttpRequest.m in Sources */ = {isa = PBXBuildFile; fileRef = 96E517081632AFB300E7D20C /* HFHttpRequest.m */; };
		96E517601632B88400E7D20C /* AFHTTPClient.m in Sources */ = {isa = PBXBuildFile; fileRef = 96E5174E1632B88400E7D20C /* AFHTTPClient.m */; };
		96E517611632B88400E7D20C /* AFHTTPRequestOperation.m in Sources */ = {isa = PBXBuildFile; fileRef = 96E517501632B88400E7D20C /* AFHTTPRequestOperation.m */; };
		96E517621632B88400E7D20C /* AFImageRequestOperation.m in Sources */ = {isa = PBXBuildFile; fileRef = 96E517521632B88400E7D20C /* AFImageRequestOperation.m */; };
		96E517631632B88400E7D20C /* AFJSONRequestOperation.m in Sources */ = {isa = PBXBuildFile; fileRef = 96E517541632B88400E7D20C /* AFJSONRequestOperation.m */; };
		96E517641632B88400E7D20C /* AFNetworkActivityIndicatorManager.m in Sources */ = {isa = PBXBuildFile; fileRef = 96E517561632B88400E7D20C /* AFNetworkActivityIndicatorManager.m */; };
		96E517651632B88400E7D20C /* AFPropertyListRequestOperation.m in Sources */ = {isa = PBXBuildFile; fileRef = 96E517591632B88400E7D20C /* AFPropertyListRequestOperation.m */; };
		96E517661632B88400E7D20C /* AFURLConnectionOperation.m in Sources */ = {isa = PBXBuildFile; fileRef = 96E5175B1632B88400E7D20C /* AFURLConnectionOperation.m */; settings = {COMPILER_FLAGS = "-fobjc-arc"; }; };
		96E517671632B88400E7D20C /* AFXMLRequestOperation.m in Sources */ = {isa = PBXBuildFile; fileRef = 96E5175D1632B88400E7D20C /* AFXMLRequestOperation.m */; };
		96E517681632B88400E7D20C /* UIImageView+AFNetworking.m in Sources */ = {isa = PBXBuildFile; fileRef = 96E5175F1632B88400E7D20C /* UIImageView+AFNetworking.m */; };
		96EAC5ED1641105C003D9281 /* libicucore.dylib in Frameworks */ = {isa = PBXBuildFile; fileRef = 96EAC5EC1641105C003D9281 /* libicucore.dylib */; };
		96EAC5F2164110B6003D9281 /* RegexKitLite.m in Sources */ = {isa = PBXBuildFile; fileRef = 96EAC5F1164110B6003D9281 /* RegexKitLite.m */; };
		96FC7425164CF8CE005ACABC /* MKAnnotationView+WebCache.m in Sources */ = {isa = PBXBuildFile; fileRef = 96FC7412164CF8CE005ACABC /* MKAnnotationView+WebCache.m */; };
		96FC7426164CF8CE005ACABC /* SDImageCache.m in Sources */ = {isa = PBXBuildFile; fileRef = 96FC7414164CF8CE005ACABC /* SDImageCache.m */; };
		96FC7427164CF8CE005ACABC /* SDWebImageDecoder.m in Sources */ = {isa = PBXBuildFile; fileRef = 96FC7418164CF8CE005ACABC /* SDWebImageDecoder.m */; };
		96FC7428164CF8CE005ACABC /* SDWebImageDownloader.m in Sources */ = {isa = PBXBuildFile; fileRef = 96FC741A164CF8CE005ACABC /* SDWebImageDownloader.m */; };
		96FC7429164CF8CE005ACABC /* SDWebImageManager.m in Sources */ = {isa = PBXBuildFile; fileRef = 96FC741D164CF8CE005ACABC /* SDWebImageManager.m */; };
		96FC742A164CF8CE005ACABC /* SDWebImagePrefetcher.m in Sources */ = {isa = PBXBuildFile; fileRef = 96FC7420164CF8CE005ACABC /* SDWebImagePrefetcher.m */; };
		96FC742B164CF8CE005ACABC /* UIButton+WebCache.m in Sources */ = {isa = PBXBuildFile; fileRef = 96FC7422164CF8CE005ACABC /* UIButton+WebCache.m */; };
		96FC742C164CF8CE005ACABC /* UIImageView+WebCache.m in Sources */ = {isa = PBXBuildFile; fileRef = 96FC7424164CF8CE005ACABC /* UIImageView+WebCache.m */; };
		96FC742E164CFA6F005ACABC /* ImageIO.framework in Frameworks */ = {isa = PBXBuildFile; fileRef = 96FC742D164CFA6F005ACABC /* ImageIO.framework */; };
		96FC7430164CFB0E005ACABC /* MapKit.framework in Frameworks */ = {isa = PBXBuildFile; fileRef = 96FC742F164CFB0E005ACABC /* MapKit.framework */; };
		96FC8B0B16614A2D00FEB66E /* TTTAttributedLabel.m in Sources */ = {isa = PBXBuildFile; fileRef = 96FC8B0A16614A2D00FEB66E /* TTTAttributedLabel.m */; };
		96FC8B1016614B8200FEB66E /* AttributedLabelControllViewController.m in Sources */ = {isa = PBXBuildFile; fileRef = 96FC8B0E16614B8200FEB66E /* AttributedLabelControllViewController.m */; };
		96FC8B1116614B8200FEB66E /* AttributedLabelControllViewController.xib in Resources */ = {isa = PBXBuildFile; fileRef = 96FC8B0F16614B8200FEB66E /* AttributedLabelControllViewController.xib */; };
		96FC8B1316614D1200FEB66E /* CoreText.framework in Frameworks */ = {isa = PBXBuildFile; fileRef = 96FC8B1216614D1200FEB66E /* CoreText.framework */; };
/* End PBXBuildFile section */

/* Begin PBXFileReference section */
		183206741660BB5500EA3FD1 /* CycleScrollView.h */ = {isa = PBXFileReference; fileEncoding = 4; lastKnownFileType = sourcecode.c.h; name = CycleScrollView.h; path = GlobClass/CircleScroll/CycleScrollView.h; sourceTree = SOURCE_ROOT; };
		183206751660BB5500EA3FD1 /* CycleScrollView.m */ = {isa = PBXFileReference; fileEncoding = 4; lastKnownFileType = sourcecode.c.objc; name = CycleScrollView.m; path = GlobClass/CircleScroll/CycleScrollView.m; sourceTree = SOURCE_ROOT; };
		1832067D1660C13600EA3FD1 /* HFScrollViewViewController.h */ = {isa = PBXFileReference; fileEncoding = 4; lastKnownFileType = sourcecode.c.h; name = HFScrollViewViewController.h; path = HFFrame/Example/HFScrollViewViewController.h; sourceTree = "<group>"; };
		1832067E1660C13600EA3FD1 /* HFScrollViewViewController.m */ = {isa = PBXFileReference; fileEncoding = 4; lastKnownFileType = sourcecode.c.objc; name = HFScrollViewViewController.m; path = HFFrame/Example/HFScrollViewViewController.m; sourceTree = "<group>"; };
		1832067F1660C13600EA3FD1 /* HFScrollViewViewController.xib */ = {isa = PBXFileReference; fileEncoding = 4; lastKnownFileType = file.xib; name = HFScrollViewViewController.xib; path = HFFrame/Example/HFScrollViewViewController.xib; sourceTree = "<group>"; };
		1848AF1116328FD800AD42B6 /* HFFrame.app */ = {isa = PBXFileReference; explicitFileType = wrapper.application; includeInIndex = 0; path = HFFrame.app; sourceTree = BUILT_PRODUCTS_DIR; };
		1848AF1516328FD800AD42B6 /* UIKit.framework */ = {isa = PBXFileReference; lastKnownFileType = wrapper.framework; name = UIKit.framework; path = System/Library/Frameworks/UIKit.framework; sourceTree = SDKROOT; };
		1848AF1716328FD800AD42B6 /* Foundation.framework */ = {isa = PBXFileReference; lastKnownFileType = wrapper.framework; name = Foundation.framework; path = System/Library/Frameworks/Foundation.framework; sourceTree = SDKROOT; };
		1848AF1916328FD800AD42B6 /* CoreGraphics.framework */ = {isa = PBXFileReference; lastKnownFileType = wrapper.framework; name = CoreGraphics.framework; path = System/Library/Frameworks/CoreGraphics.framework; sourceTree = SDKROOT; };
		1848AF1D16328FD800AD42B6 /* HFFrame-Info.plist */ = {isa = PBXFileReference; lastKnownFileType = text.plist.xml; path = "HFFrame-Info.plist"; sourceTree = "<group>"; };
		1848AF1F16328FD800AD42B6 /* en */ = {isa = PBXFileReference; lastKnownFileType = text.plist.strings; name = en; path = en.lproj/InfoPlist.strings; sourceTree = "<group>"; };
		1848AF2116328FD800AD42B6 /* main.m */ = {isa = PBXFileReference; lastKnownFileType = sourcecode.c.objc; path = main.m; sourceTree = "<group>"; };
		1848AF2316328FD800AD42B6 /* HFFrame-Prefix.pch */ = {isa = PBXFileReference; lastKnownFileType = sourcecode.c.h; path = "HFFrame-Prefix.pch"; sourceTree = "<group>"; };
		1848AF2416328FD800AD42B6 /* HFAppDelegate.h */ = {isa = PBXFileReference; lastKnownFileType = sourcecode.c.h; path = HFAppDelegate.h; sourceTree = "<group>"; };
		1848AF2516328FD800AD42B6 /* HFAppDelegate.m */ = {isa = PBXFileReference; lastKnownFileType = sourcecode.c.objc; path = HFAppDelegate.m; sourceTree = "<group>"; };
		1848AF2716328FD800AD42B6 /* Default.png */ = {isa = PBXFileReference; lastKnownFileType = image.png; path = Default.png; sourceTree = "<group>"; };
		1848AF2916328FD800AD42B6 /* Default@2x.png */ = {isa = PBXFileReference; lastKnownFileType = image.png; path = "Default@2x.png"; sourceTree = "<group>"; };
		1848AF2B16328FD800AD42B6 /* Default-568h@2x.png */ = {isa = PBXFileReference; lastKnownFileType = image.png; path = "Default-568h@2x.png"; sourceTree = "<group>"; };
		1848AF2D16328FD800AD42B6 /* HFBaseViewController.h */ = {isa = PBXFileReference; lastKnownFileType = sourcecode.c.h; path = HFBaseViewController.h; sourceTree = "<group>"; };
		1848AF2E16328FD800AD42B6 /* HFBaseViewController.m */ = {isa = PBXFileReference; lastKnownFileType = sourcecode.c.objc; path = HFBaseViewController.m; sourceTree = "<group>"; };
		1848AF3116328FD800AD42B6 /* en */ = {isa = PBXFileReference; lastKnownFileType = file.xib; name = en; path = en.lproj/HFBaseViewController.xib; sourceTree = "<group>"; };
		60390693556A2D35E43E2729 /* Array.m */ = {isa = PBXFileReference; fileEncoding = 4; lastKnownFileType = sourcecode.c.objc; name = Array.m; path = "GlobClass/Array+Extensions/Array.m"; sourceTree = SOURCE_ROOT; };
		6039094F212CB306D7DE551E /* Array.h */ = {isa = PBXFileReference; fileEncoding = 4; lastKnownFileType = sourcecode.c.h; name = Array.h; path = "GlobClass/Array+Extensions/Array.h"; sourceTree = SOURCE_ROOT; };
		60390C31B0D47E2AE9AF071F /* HFAnimation.m */ = {isa = PBXFileReference; fileEncoding = 4; lastKnownFileType = sourcecode.c.objc; name = HFAnimation.m; path = GlobClass/HFAnimation/HFAnimation.m; sourceTree = SOURCE_ROOT; };
		60390F639EF55A8FFAE7BF29 /* HFAnimation.h */ = {isa = PBXFileReference; fileEncoding = 4; lastKnownFileType = sourcecode.c.h; name = HFAnimation.h; path = GlobClass/HFAnimation/HFAnimation.h; sourceTree = SOURCE_ROOT; };
		962F7007165C9D760032A849 /* HttpExampleViewController.h */ = {isa = PBXFileReference; fileEncoding = 4; lastKnownFileType = sourcecode.c.h; name = HttpExampleViewController.h; path = HFFrame/Example/HttpExampleViewController.h; sourceTree = "<group>"; };
		962F7008165C9D760032A849 /* HttpExampleViewController.m */ = {isa = PBXFileReference; fileEncoding = 4; lastKnownFileType = sourcecode.c.objc; name = HttpExampleViewController.m; path = HFFrame/Example/HttpExampleViewController.m; sourceTree = "<group>"; };
		962F7009165C9D760032A849 /* HttpExampleViewController.xib */ = {isa = PBXFileReference; fileEncoding = 4; lastKnownFileType = file.xib; name = HttpExampleViewController.xib; path = HFFrame/Example/HttpExampleViewController.xib; sourceTree = "<group>"; };
		962F701B165CACAB0032A849 /* WebPictureViewController.h */ = {isa = PBXFileReference; fileEncoding = 4; lastKnownFileType = sourcecode.c.h; name = WebPictureViewController.h; path = HFFrame/Example/WebPictureViewController.h; sourceTree = "<group>"; };
		962F701C165CACAB0032A849 /* WebPictureViewController.m */ = {isa = PBXFileReference; fileEncoding = 4; lastKnownFileType = sourcecode.c.objc; name = WebPictureViewController.m; path = HFFrame/Example/WebPictureViewController.m; sourceTree = "<group>"; };
		962F701D165CACAB0032A849 /* WebPictureViewController.xib */ = {isa = PBXFileReference; fileEncoding = 4; lastKnownFileType = file.xib; name = WebPictureViewController.xib; path = HFFrame/Example/WebPictureViewController.xib; sourceTree = "<group>"; };
		962F7025165CAFD20032A849 /* HFButtonExampleViewController.h */ = {isa = PBXFileReference; fileEncoding = 4; lastKnownFileType = sourcecode.c.h; name = HFButtonExampleViewController.h; path = HFFrame/Example/HFButtonExampleViewController.h; sourceTree = "<group>"; };
		962F7026165CAFD20032A849 /* HFButtonExampleViewController.m */ = {isa = PBXFileReference; fileEncoding = 4; lastKnownFileType = sourcecode.c.objc; name = HFButtonExampleViewController.m; path = HFFrame/Example/HFButtonExampleViewController.m; sourceTree = "<group>"; };
		962F7027165CAFD20032A849 /* HFButtonExampleViewController.xib */ = {isa = PBXFileReference; fileEncoding = 4; lastKnownFileType = file.xib; name = HFButtonExampleViewController.xib; path = HFFrame/Example/HFButtonExampleViewController.xib; sourceTree = "<group>"; };
		962F702B165CB5800032A849 /* AnimationExampleViewController.h */ = {isa = PBXFileReference; fileEncoding = 4; lastKnownFileType = sourcecode.c.h; name = AnimationExampleViewController.h; path = HFFrame/Example/AnimationExampleViewController.h; sourceTree = "<group>"; };
		962F702C165CB5800032A849 /* AnimationExampleViewController.m */ = {isa = PBXFileReference; fileEncoding = 4; lastKnownFileType = sourcecode.c.objc; name = AnimationExampleViewController.m; path = HFFrame/Example/AnimationExampleViewController.m; sourceTree = "<group>"; };
		962F702D165CB5810032A849 /* AnimationExampleViewController.xib */ = {isa = PBXFileReference; fileEncoding = 4; lastKnownFileType = file.xib; name = AnimationExampleViewController.xib; path = HFFrame/Example/AnimationExampleViewController.xib; sourceTree = "<group>"; };
		96352B6816631B53001926B9 /* UIView+Screenshot.h */ = {isa = PBXFileReference; fileEncoding = 4; lastKnownFileType = sourcecode.c.h; name = "UIView+Screenshot.h"; path = "GlobClass/UIViewScreenShot/UIView+Screenshot.h"; sourceTree = SOURCE_ROOT; };
		96352B6916631B53001926B9 /* UIView+Screenshot.m */ = {isa = PBXFileReference; fileEncoding = 4; lastKnownFileType = sourcecode.c.objc; name = "UIView+Screenshot.m"; path = "GlobClass/UIViewScreenShot/UIView+Screenshot.m"; sourceTree = SOURCE_ROOT; };
		96352B78166323A1001926B9 /* ScreenshotExampleViewController.h */ = {isa = PBXFileReference; fileEncoding = 4; lastKnownFileType = sourcecode.c.h; name = ScreenshotExampleViewController.h; path = HFFrame/Example/ScreenshotExampleViewController.h; sourceTree = "<group>"; };
		96352B79166323A1001926B9 /* ScreenshotExampleViewController.m */ = {isa = PBXFileReference; fileEncoding = 4; lastKnownFileType = sourcecode.c.objc; name = ScreenshotExampleViewController.m; path = HFFrame/Example/ScreenshotExampleViewController.m; sourceTree = "<group>"; };
		96352B7A166323A1001926B9 /* ScreenshotExampleViewController.xib */ = {isa = PBXFileReference; fileEncoding = 4; lastKnownFileType = file.xib; name = ScreenshotExampleViewController.xib; path = HFFrame/Example/ScreenshotExampleViewController.xib; sourceTree = "<group>"; };
		96791685165CBFE2006F52B9 /* VoiceReadViewController.h */ = {isa = PBXFileReference; fileEncoding = 4; lastKnownFileType = sourcecode.c.h; name = VoiceReadViewController.h; path = HFFrame/Example/VoiceReadViewController.h; sourceTree = "<group>"; };
		96791686165CBFE2006F52B9 /* VoiceReadViewController.m */ = {isa = PBXFileReference; fileEncoding = 4; lastKnownFileType = sourcecode.c.objc; name = VoiceReadViewController.m; path = HFFrame/Example/VoiceReadViewController.m; sourceTree = "<group>"; };
		96791687165CBFE2006F52B9 /* VoiceReadViewController.xib */ = {isa = PBXFileReference; fileEncoding = 4; lastKnownFileType = file.xib; name = VoiceReadViewController.xib; path = HFFrame/Example/VoiceReadViewController.xib; sourceTree = "<group>"; };
		9679168B165CD819006F52B9 /* VoiceExampleViewController.h */ = {isa = PBXFileReference; fileEncoding = 4; lastKnownFileType = sourcecode.c.h; name = VoiceExampleViewController.h; path = HFFrame/Example/VoiceExampleViewController.h; sourceTree = "<group>"; };
		9679168C165CD819006F52B9 /* VoiceExampleViewController.m */ = {isa = PBXFileReference; fileEncoding = 4; lastKnownFileType = sourcecode.c.objc; name = VoiceExampleViewController.m; path = HFFrame/Example/VoiceExampleViewController.m; sourceTree = "<group>"; };
		9679168D165CD819006F52B9 /* VoiceExampleViewController.xib */ = {isa = PBXFileReference; fileEncoding = 4; lastKnownFileType = file.xib; name = VoiceExampleViewController.xib; path = HFFrame/Example/VoiceExampleViewController.xib; sourceTree = "<group>"; };
		96876D73164BA44200406C92 /* NSString+Additions.h */ = {isa = PBXFileReference; fileEncoding = 4; lastKnownFileType = sourcecode.c.h; path = "NSString+Additions.h"; sourceTree = "<group>"; };
		96876D74164BA44200406C92 /* NSString+Additions.m */ = {isa = PBXFileReference; fileEncoding = 4; lastKnownFileType = sourcecode.c.objc; path = "NSString+Additions.m"; sourceTree = "<group>"; };
		96876D7A164BB8B100406C92 /* UIImage+Extensions.h */ = {isa = PBXFileReference; fileEncoding = 4; lastKnownFileType = sourcecode.c.h; path = "UIImage+Extensions.h"; sourceTree = "<group>"; };
		96876D7B164BB8B100406C92 /* UIImage+Extensions.m */ = {isa = PBXFileReference; fileEncoding = 4; lastKnownFileType = sourcecode.c.objc; path = "UIImage+Extensions.m"; sourceTree = "<group>"; };
		96876D7E164BBBB800406C92 /* UIViewAdditions.h */ = {isa = PBXFileReference; fileEncoding = 4; lastKnownFileType = sourcecode.c.h; path = UIViewAdditions.h; sourceTree = "<group>"; };
		96876D7F164BBBB800406C92 /* UIViewAdditions.m */ = {isa = PBXFileReference; fileEncoding = 4; lastKnownFileType = sourcecode.c.objc; path = UIViewAdditions.m; sourceTree = "<group>"; };
		96876D82164BCAD000406C92 /* Global_macro.h */ = {isa = PBXFileReference; fileEncoding = 4; lastKnownFileType = sourcecode.c.h; name = Global_macro.h; path = Global/Global_macro.h; sourceTree = "<group>"; };
		96876D83164BCAD000406C92 /* Global_macro.m */ = {isa = PBXFileReference; fileEncoding = 4; lastKnownFileType = sourcecode.c.objc; name = Global_macro.m; path = Global/Global_macro.m; sourceTree = "<group>"; };
		96876D90164C048400406C92 /* HomeViewController.h */ = {isa = PBXFileReference; fileEncoding = 4; lastKnownFileType = sourcecode.c.h; name = HomeViewController.h; path = Home/HomeViewController.h; sourceTree = "<group>"; };
		96876D91164C048500406C92 /* HomeViewController.m */ = {isa = PBXFileReference; fileEncoding = 4; lastKnownFileType = sourcecode.c.objc; name = HomeViewController.m; path = Home/HomeViewController.m; sourceTree = "<group>"; };
		96876D92164C048500406C92 /* HomeViewController.xib */ = {isa = PBXFileReference; fileEncoding = 4; lastKnownFileType = file.xib; name = HomeViewController.xib; path = Home/HomeViewController.xib; sourceTree = "<group>"; };
		969340231656110B00F1BDC1 /* iflyMSC.framework */ = {isa = PBXFileReference; lastKnownFileType = wrapper.framework; name = iflyMSC.framework; path = "GlobClass/voice/armv6-armv7/iflyMSC.framework"; sourceTree = "<group>"; };
		96934029165613DC00F1BDC1 /* SystemConfiguration.framework */ = {isa = PBXFileReference; lastKnownFileType = wrapper.framework; name = SystemConfiguration.framework; path = System/Library/Frameworks/SystemConfiguration.framework; sourceTree = SDKROOT; };
		9693402B1656141600F1BDC1 /* CFNetwork.framework */ = {isa = PBXFileReference; lastKnownFileType = wrapper.framework; name = CFNetwork.framework; path = System/Library/Frameworks/CFNetwork.framework; sourceTree = SDKROOT; };
		9693402D1656144D00F1BDC1 /* QuartzCore.framework */ = {isa = PBXFileReference; lastKnownFileType = wrapper.framework; name = QuartzCore.framework; path = System/Library/Frameworks/QuartzCore.framework; sourceTree = SDKROOT; };
		9693402F165615AD00F1BDC1 /* AudioToolbox.framework */ = {isa = PBXFileReference; lastKnownFileType = wrapper.framework; name = AudioToolbox.framework; path = System/Library/Frameworks/AudioToolbox.framework; sourceTree = SDKROOT; };
		9693403716561F3A00F1BDC1 /* NSDictionary_HFDictionary.h */ = {isa = PBXFileReference; fileEncoding = 4; lastKnownFileType = sourcecode.c.h; name = NSDictionary_HFDictionary.h; path = GlobClass/HFDictionary/NSDictionary_HFDictionary.h; sourceTree = SOURCE_ROOT; };
		9693403916561F8D00F1BDC1 /* NSDictionary_HFDictionary.m */ = {isa = PBXFileReference; fileEncoding = 4; lastKnownFileType = sourcecode.c.objc; name = NSDictionary_HFDictionary.m; path = GlobClass/HFDictionary/NSDictionary_HFDictionary.m; sourceTree = SOURCE_ROOT; };
		969D909C1658A9EA00A382B2 /* HFStyle.h */ = {isa = PBXFileReference; fileEncoding = 4; lastKnownFileType = sourcecode.c.h; name = HFStyle.h; path = Global/style/HFStyle.h; sourceTree = "<group>"; };
		969D909D1658A9EA00A382B2 /* HFStyle.m */ = {isa = PBXFileReference; fileEncoding = 4; lastKnownFileType = sourcecode.c.objc; name = HFStyle.m; path = Global/style/HFStyle.m; sourceTree = "<group>"; };
		969D90A01658AC4C00A382B2 /* btm_nav.png */ = {isa = PBXFileReference; lastKnownFileType = image.png; path = btm_nav.png; sourceTree = "<group>"; };
		969D90A11658AC4C00A382B2 /* btm_nav@2x.png */ = {isa = PBXFileReference; lastKnownFileType = image.png; path = "btm_nav@2x.png"; sourceTree = "<group>"; };
		969D90A81658B2DD00A382B2 /* navigation.jpg */ = {isa = PBXFileReference; lastKnownFileType = image.jpeg; path = navigation.jpg; sourceTree = "<group>"; };
		969D90A91658B2DD00A382B2 /* navigation@2x.jpg */ = {isa = PBXFileReference; lastKnownFileType = image.jpeg; path = "navigation@2x.jpg"; sourceTree = "<group>"; };
		969D90AC1658C57000A382B2 /* UIColor+Hex.h */ = {isa = PBXFileReference; fileEncoding = 4; lastKnownFileType = sourcecode.c.h; name = "UIColor+Hex.h"; path = "GlobClass/UIColor+Hex/UIColor+Hex.h"; sourceTree = SOURCE_ROOT; };
		969D90AD1658C57000A382B2 /* UIColor+Hex.m */ = {isa = PBXFileReference; fileEncoding = 4; lastKnownFileType = sourcecode.c.objc; name = "UIColor+Hex.m"; path = "GlobClass/UIColor+Hex/UIColor+Hex.m"; sourceTree = SOURCE_ROOT; };
		969D90BE1658FB6200A382B2 /* HFButton.h */ = {isa = PBXFileReference; fileEncoding = 4; lastKnownFileType = sourcecode.c.h; name = HFButton.h; path = GlobClass/HFButton/HFButton.h; sourceTree = SOURCE_ROOT; };
		969D90BF1658FB6200A382B2 /* HFButton.m */ = {isa = PBXFileReference; fileEncoding = 4; lastKnownFileType = sourcecode.c.objc; name = HFButton.m; path = GlobClass/HFButton/HFButton.m; sourceTree = SOURCE_ROOT; };
		96A2F81A1663443B00E61D4F /* FlodExampleViewController.h */ = {isa = PBXFileReference; fileEncoding = 4; lastKnownFileType = sourcecode.c.h; name = FlodExampleViewController.h; path = HFFrame/Example/FlodExampleViewController.h; sourceTree = "<group>"; };
		96A2F81B1663443B00E61D4F /* FlodExampleViewController.m */ = {isa = PBXFileReference; fileEncoding = 4; lastKnownFileType = sourcecode.c.objc; name = FlodExampleViewController.m; path = HFFrame/Example/FlodExampleViewController.m; sourceTree = "<group>"; };
		96A2F81C1663443B00E61D4F /* FlodExampleViewController.xib */ = {isa = PBXFileReference; fileEncoding = 4; lastKnownFileType = file.xib; name = FlodExampleViewController.xib; path = HFFrame/Example/FlodExampleViewController.xib; sourceTree = "<group>"; };
		96E517071632AFB300E7D20C /* HFHttpRequest.h */ = {isa = PBXFileReference; fileEncoding = 4; lastKnownFileType = sourcecode.c.h; name = HFHttpRequest.h; path = HFHttpRequest/HFHttpRequest.h; sourceTree = "<group>"; };
		96E517081632AFB300E7D20C /* HFHttpRequest.m */ = {isa = PBXFileReference; fileEncoding = 4; lastKnownFileType = sourcecode.c.objc; name = HFHttpRequest.m; path = HFHttpRequest/HFHttpRequest.m; sourceTree = "<group>"; };
		96E5174D1632B88400E7D20C /* AFHTTPClient.h */ = {isa = PBXFileReference; fileEncoding = 4; lastKnownFileType = sourcecode.c.h; name = AFHTTPClient.h; path = GlobClass/AFNetworking/AFHTTPClient.h; sourceTree = SOURCE_ROOT; };
		96E5174E1632B88400E7D20C /* AFHTTPClient.m */ = {isa = PBXFileReference; fileEncoding = 4; lastKnownFileType = sourcecode.c.objc; name = AFHTTPClient.m; path = GlobClass/AFNetworking/AFHTTPClient.m; sourceTree = SOURCE_ROOT; };
		96E5174F1632B88400E7D20C /* AFHTTPRequestOperation.h */ = {isa = PBXFileReference; fileEncoding = 4; lastKnownFileType = sourcecode.c.h; name = AFHTTPRequestOperation.h; path = GlobClass/AFNetworking/AFHTTPRequestOperation.h; sourceTree = SOURCE_ROOT; };
		96E517501632B88400E7D20C /* AFHTTPRequestOperation.m */ = {isa = PBXFileReference; fileEncoding = 4; lastKnownFileType = sourcecode.c.objc; name = AFHTTPRequestOperation.m; path = GlobClass/AFNetworking/AFHTTPRequestOperation.m; sourceTree = SOURCE_ROOT; };
		96E517511632B88400E7D20C /* AFImageRequestOperation.h */ = {isa = PBXFileReference; fileEncoding = 4; lastKnownFileType = sourcecode.c.h; name = AFImageRequestOperation.h; path = GlobClass/AFNetworking/AFImageRequestOperation.h; sourceTree = SOURCE_ROOT; };
		96E517521632B88400E7D20C /* AFImageRequestOperation.m */ = {isa = PBXFileReference; fileEncoding = 4; lastKnownFileType = sourcecode.c.objc; name = AFImageRequestOperation.m; path = GlobClass/AFNetworking/AFImageRequestOperation.m; sourceTree = SOURCE_ROOT; };
		96E517531632B88400E7D20C /* AFJSONRequestOperation.h */ = {isa = PBXFileReference; fileEncoding = 4; lastKnownFileType = sourcecode.c.h; name = AFJSONRequestOperation.h; path = GlobClass/AFNetworking/AFJSONRequestOperation.h; sourceTree = SOURCE_ROOT; };
		96E517541632B88400E7D20C /* AFJSONRequestOperation.m */ = {isa = PBXFileReference; fileEncoding = 4; lastKnownFileType = sourcecode.c.objc; name = AFJSONRequestOperation.m; path = GlobClass/AFNetworking/AFJSONRequestOperation.m; sourceTree = SOURCE_ROOT; };
		96E517551632B88400E7D20C /* AFNetworkActivityIndicatorManager.h */ = {isa = PBXFileReference; fileEncoding = 4; lastKnownFileType = sourcecode.c.h; name = AFNetworkActivityIndicatorManager.h; path = GlobClass/AFNetworking/AFNetworkActivityIndicatorManager.h; sourceTree = SOURCE_ROOT; };
		96E517561632B88400E7D20C /* AFNetworkActivityIndicatorManager.m */ = {isa = PBXFileReference; fileEncoding = 4; lastKnownFileType = sourcecode.c.objc; name = AFNetworkActivityIndicatorManager.m; path = GlobClass/AFNetworking/AFNetworkActivityIndicatorManager.m; sourceTree = SOURCE_ROOT; };
		96E517571632B88400E7D20C /* AFNetworking.h */ = {isa = PBXFileReference; fileEncoding = 4; lastKnownFileType = sourcecode.c.h; name = AFNetworking.h; path = GlobClass/AFNetworking/AFNetworking.h; sourceTree = SOURCE_ROOT; };
		96E517581632B88400E7D20C /* AFPropertyListRequestOperation.h */ = {isa = PBXFileReference; fileEncoding = 4; lastKnownFileType = sourcecode.c.h; name = AFPropertyListRequestOperation.h; path = GlobClass/AFNetworking/AFPropertyListRequestOperation.h; sourceTree = SOURCE_ROOT; };
		96E517591632B88400E7D20C /* AFPropertyListRequestOperation.m */ = {isa = PBXFileReference; fileEncoding = 4; lastKnownFileType = sourcecode.c.objc; name = AFPropertyListRequestOperation.m; path = GlobClass/AFNetworking/AFPropertyListRequestOperation.m; sourceTree = SOURCE_ROOT; };
		96E5175A1632B88400E7D20C /* AFURLConnectionOperation.h */ = {isa = PBXFileReference; fileEncoding = 4; lastKnownFileType = sourcecode.c.h; name = AFURLConnectionOperation.h; path = GlobClass/AFNetworking/AFURLConnectionOperation.h; sourceTree = SOURCE_ROOT; };
		96E5175B1632B88400E7D20C /* AFURLConnectionOperation.m */ = {isa = PBXFileReference; fileEncoding = 4; lastKnownFileType = sourcecode.c.objc; name = AFURLConnectionOperation.m; path = GlobClass/AFNetworking/AFURLConnectionOperation.m; sourceTree = SOURCE_ROOT; };
		96E5175C1632B88400E7D20C /* AFXMLRequestOperation.h */ = {isa = PBXFileReference; fileEncoding = 4; lastKnownFileType = sourcecode.c.h; name = AFXMLRequestOperation.h; path = GlobClass/AFNetworking/AFXMLRequestOperation.h; sourceTree = SOURCE_ROOT; };
		96E5175D1632B88400E7D20C /* AFXMLRequestOperation.m */ = {isa = PBXFileReference; fileEncoding = 4; lastKnownFileType = sourcecode.c.objc; name = AFXMLRequestOperation.m; path = GlobClass/AFNetworking/AFXMLRequestOperation.m; sourceTree = SOURCE_ROOT; };
		96E5175E1632B88400E7D20C /* UIImageView+AFNetworking.h */ = {isa = PBXFileReference; fileEncoding = 4; lastKnownFileType = sourcecode.c.h; name = "UIImageView+AFNetworking.h"; path = "GlobClass/AFNetworking/UIImageView+AFNetworking.h"; sourceTree = SOURCE_ROOT; };
		96E5175F1632B88400E7D20C /* UIImageView+AFNetworking.m */ = {isa = PBXFileReference; fileEncoding = 4; lastKnownFileType = sourcecode.c.objc; name = "UIImageView+AFNetworking.m"; path = "GlobClass/AFNetworking/UIImageView+AFNetworking.m"; sourceTree = SOURCE_ROOT; };
		96EAC5EC1641105C003D9281 /* libicucore.dylib */ = {isa = PBXFileReference; lastKnownFileType = "compiled.mach-o.dylib"; name = libicucore.dylib; path = usr/lib/libicucore.dylib; sourceTree = SDKROOT; };
		96EAC5F0164110B6003D9281 /* RegexKitLite.h */ = {isa = PBXFileReference; fileEncoding = 4; lastKnownFileType = sourcecode.c.h; name = RegexKitLite.h; path = GlobClass/RegexKit/RegexKitLite.h; sourceTree = SOURCE_ROOT; };
		96EAC5F1164110B6003D9281 /* RegexKitLite.m */ = {isa = PBXFileReference; fileEncoding = 4; lastKnownFileType = sourcecode.c.objc; name = RegexKitLite.m; path = GlobClass/RegexKit/RegexKitLite.m; sourceTree = SOURCE_ROOT; };
		96FC7411164CF8CE005ACABC /* MKAnnotationView+WebCache.h */ = {isa = PBXFileReference; fileEncoding = 4; lastKnownFileType = sourcecode.c.h; path = "MKAnnotationView+WebCache.h"; sourceTree = "<group>"; };
		96FC7412164CF8CE005ACABC /* MKAnnotationView+WebCache.m */ = {isa = PBXFileReference; fileEncoding = 4; lastKnownFileType = sourcecode.c.objc; path = "MKAnnotationView+WebCache.m"; sourceTree = "<group>"; };
		96FC7413164CF8CE005ACABC /* SDImageCache.h */ = {isa = PBXFileReference; fileEncoding = 4; lastKnownFileType = sourcecode.c.h; path = SDImageCache.h; sourceTree = "<group>"; };
		96FC7414164CF8CE005ACABC /* SDImageCache.m */ = {isa = PBXFileReference; fileEncoding = 4; lastKnownFileType = sourcecode.c.objc; path = SDImageCache.m; sourceTree = "<group>"; };
		96FC7415164CF8CE005ACABC /* SDImageCacheDelegate.h */ = {isa = PBXFileReference; fileEncoding = 4; lastKnownFileType = sourcecode.c.h; path = SDImageCacheDelegate.h; sourceTree = "<group>"; };
		96FC7416164CF8CE005ACABC /* SDWebImageCompat.h */ = {isa = PBXFileReference; fileEncoding = 4; lastKnownFileType = sourcecode.c.h; path = SDWebImageCompat.h; sourceTree = "<group>"; };
		96FC7417164CF8CE005ACABC /* SDWebImageDecoder.h */ = {isa = PBXFileReference; fileEncoding = 4; lastKnownFileType = sourcecode.c.h; path = SDWebImageDecoder.h; sourceTree = "<group>"; };
		96FC7418164CF8CE005ACABC /* SDWebImageDecoder.m */ = {isa = PBXFileReference; fileEncoding = 4; lastKnownFileType = sourcecode.c.objc; path = SDWebImageDecoder.m; sourceTree = "<group>"; };
		96FC7419164CF8CE005ACABC /* SDWebImageDownloader.h */ = {isa = PBXFileReference; fileEncoding = 4; lastKnownFileType = sourcecode.c.h; path = SDWebImageDownloader.h; sourceTree = "<group>"; };
		96FC741A164CF8CE005ACABC /* SDWebImageDownloader.m */ = {isa = PBXFileReference; fileEncoding = 4; lastKnownFileType = sourcecode.c.objc; path = SDWebImageDownloader.m; sourceTree = "<group>"; };
		96FC741B164CF8CE005ACABC /* SDWebImageDownloaderDelegate.h */ = {isa = PBXFileReference; fileEncoding = 4; lastKnownFileType = sourcecode.c.h; path = SDWebImageDownloaderDelegate.h; sourceTree = "<group>"; };
		96FC741C164CF8CE005ACABC /* SDWebImageManager.h */ = {isa = PBXFileReference; fileEncoding = 4; lastKnownFileType = sourcecode.c.h; path = SDWebImageManager.h; sourceTree = "<group>"; };
		96FC741D164CF8CE005ACABC /* SDWebImageManager.m */ = {isa = PBXFileReference; fileEncoding = 4; lastKnownFileType = sourcecode.c.objc; path = SDWebImageManager.m; sourceTree = "<group>"; };
		96FC741E164CF8CE005ACABC /* SDWebImageManagerDelegate.h */ = {isa = PBXFileReference; fileEncoding = 4; lastKnownFileType = sourcecode.c.h; path = SDWebImageManagerDelegate.h; sourceTree = "<group>"; };
		96FC741F164CF8CE005ACABC /* SDWebImagePrefetcher.h */ = {isa = PBXFileReference; fileEncoding = 4; lastKnownFileType = sourcecode.c.h; path = SDWebImagePrefetcher.h; sourceTree = "<group>"; };
		96FC7420164CF8CE005ACABC /* SDWebImagePrefetcher.m */ = {isa = PBXFileReference; fileEncoding = 4; lastKnownFileType = sourcecode.c.objc; path = SDWebImagePrefetcher.m; sourceTree = "<group>"; };
		96FC7421164CF8CE005ACABC /* UIButton+WebCache.h */ = {isa = PBXFileReference; fileEncoding = 4; lastKnownFileType = sourcecode.c.h; path = "UIButton+WebCache.h"; sourceTree = "<group>"; };
		96FC7422164CF8CE005ACABC /* UIButton+WebCache.m */ = {isa = PBXFileReference; fileEncoding = 4; lastKnownFileType = sourcecode.c.objc; path = "UIButton+WebCache.m"; sourceTree = "<group>"; };
		96FC7423164CF8CE005ACABC /* UIImageView+WebCache.h */ = {isa = PBXFileReference; fileEncoding = 4; lastKnownFileType = sourcecode.c.h; path = "UIImageView+WebCache.h"; sourceTree = "<group>"; };
		96FC7424164CF8CE005ACABC /* UIImageView+WebCache.m */ = {isa = PBXFileReference; fileEncoding = 4; lastKnownFileType = sourcecode.c.objc; path = "UIImageView+WebCache.m"; sourceTree = "<group>"; };
		96FC742D164CFA6F005ACABC /* ImageIO.framework */ = {isa = PBXFileReference; lastKnownFileType = wrapper.framework; name = ImageIO.framework; path = System/Library/Frameworks/ImageIO.framework; sourceTree = SDKROOT; };
		96FC742F164CFB0E005ACABC /* MapKit.framework */ = {isa = PBXFileReference; lastKnownFileType = wrapper.framework; name = MapKit.framework; path = System/Library/Frameworks/MapKit.framework; sourceTree = SDKROOT; };
		96FC8B0916614A2D00FEB66E /* TTTAttributedLabel.h */ = {isa = PBXFileReference; fileEncoding = 4; lastKnownFileType = sourcecode.c.h; name = TTTAttributedLabel.h; path = GlobClass/TTTAttributedLabel/TTTAttributedLabel.h; sourceTree = SOURCE_ROOT; };
		96FC8B0A16614A2D00FEB66E /* TTTAttributedLabel.m */ = {isa = PBXFileReference; fileEncoding = 4; lastKnownFileType = sourcecode.c.objc; name = TTTAttributedLabel.m; path = GlobClass/TTTAttributedLabel/TTTAttributedLabel.m; sourceTree = SOURCE_ROOT; };
		96FC8B0D16614B8200FEB66E /* AttributedLabelControllViewController.h */ = {isa = PBXFileReference; fileEncoding = 4; lastKnownFileType = sourcecode.c.h; name = AttributedLabelControllViewController.h; path = HFFrame/Example/AttributedLabelControllViewController.h; sourceTree = "<group>"; };
		96FC8B0E16614B8200FEB66E /* AttributedLabelControllViewController.m */ = {isa = PBXFileReference; fileEncoding = 4; lastKnownFileType = sourcecode.c.objc; name = AttributedLabelControllViewController.m; path = HFFrame/Example/AttributedLabelControllViewController.m; sourceTree = "<group>"; };
		96FC8B0F16614B8200FEB66E /* AttributedLabelControllViewController.xib */ = {isa = PBXFileReference; fileEncoding = 4; lastKnownFileType = file.xib; name = AttributedLabelControllViewController.xib; path = HFFrame/Example/AttributedLabelControllViewController.xib; sourceTree = "<group>"; };
		96FC8B1216614D1200FEB66E /* CoreText.framework */ = {isa = PBXFileReference; lastKnownFileType = wrapper.framework; name = CoreText.framework; path = System/Library/Frameworks/CoreText.framework; sourceTree = SDKROOT; };
/* End PBXFileReference section */

/* Begin PBXFrameworksBuildPhase section */
		1848AF0E16328FD800AD42B6 /* Frameworks */ = {
			isa = PBXFrameworksBuildPhase;
			buildActionMask = 2147483647;
			files = (
				96FC8B1316614D1200FEB66E /* CoreText.framework in Frameworks */,
				96934030165615AD00F1BDC1 /* AudioToolbox.framework in Frameworks */,
				9693402E1656144D00F1BDC1 /* QuartzCore.framework in Frameworks */,
				1848AF1A16328FD800AD42B6 /* CoreGraphics.framework in Frameworks */,
				9693402C1656141600F1BDC1 /* CFNetwork.framework in Frameworks */,
				9693402A165613DC00F1BDC1 /* SystemConfiguration.framework in Frameworks */,
				96FC7430164CFB0E005ACABC /* MapKit.framework in Frameworks */,
				96FC742E164CFA6F005ACABC /* ImageIO.framework in Frameworks */,
				96EAC5ED1641105C003D9281 /* libicucore.dylib in Frameworks */,
				1848AF1616328FD800AD42B6 /* UIKit.framework in Frameworks */,
				1848AF1816328FD800AD42B6 /* Foundation.framework in Frameworks */,
				969340241656110B00F1BDC1 /* iflyMSC.framework in Frameworks */,
			);
			runOnlyForDeploymentPostprocessing = 0;
		};
/* End PBXFrameworksBuildPhase section */

/* Begin PBXGroup section */
		1832067B1660C0DB00EA3FD1 /* 循环circleview */ = {
			isa = PBXGroup;
			children = (
				1832067D1660C13600EA3FD1 /* HFScrollViewViewController.h */,
				1832067E1660C13600EA3FD1 /* HFScrollViewViewController.m */,
				1832067F1660C13600EA3FD1 /* HFScrollViewViewController.xib */,
			);
			name = "循环circleview";
			sourceTree = "<group>";
		};
		1848AF0616328FD800AD42B6 = {
			isa = PBXGroup;
			children = (
				962F7004165C9D170032A849 /* example */,
				1848AF1B16328FD800AD42B6 /* HFFrame */,
				1848AF1416328FD800AD42B6 /* Frameworks */,
				1848AF1216328FD800AD42B6 /* Products */,
			);
			sourceTree = "<group>";
		};
		1848AF1216328FD800AD42B6 /* Products */ = {
			isa = PBXGroup;
			children = (
				1848AF1116328FD800AD42B6 /* HFFrame.app */,
			);
			name = Products;
			sourceTree = "<group>";
		};
		1848AF1416328FD800AD42B6 /* Frameworks */ = {
			isa = PBXGroup;
			children = (
				96FC8B1216614D1200FEB66E /* CoreText.framework */,
				9693402F165615AD00F1BDC1 /* AudioToolbox.framework */,
				9693402D1656144D00F1BDC1 /* QuartzCore.framework */,
				9693402B1656141600F1BDC1 /* CFNetwork.framework */,
				96934029165613DC00F1BDC1 /* SystemConfiguration.framework */,
				96EAC5EC1641105C003D9281 /* libicucore.dylib */,
				969340231656110B00F1BDC1 /* iflyMSC.framework */,
				96FC742F164CFB0E005ACABC /* MapKit.framework */,
				96FC742D164CFA6F005ACABC /* ImageIO.framework */,
				1848AF1516328FD800AD42B6 /* UIKit.framework */,
				1848AF1716328FD800AD42B6 /* Foundation.framework */,
				1848AF1916328FD800AD42B6 /* CoreGraphics.framework */,
			);
			name = Frameworks;
			sourceTree = "<group>";
		};
		1848AF1B16328FD800AD42B6 /* HFFrame */ = {
			isa = PBXGroup;
			children = (
				969D909A1658A9A500A382B2 /* style */,
				96876D8F164C041700406C92 /* Class */,
				603909DF0C4A042C9DAE96F0 /* HFAnimation */,
				96876D81164BCA5100406C92 /* 全局参数 */,
				96E517021632AF3200E7D20C /* HFHTTP */,
				96876D78164BB66D00406C92 /* BaseViewController */,
				1848AF2416328FD800AD42B6 /* HFAppDelegate.h */,
				1848AF2516328FD800AD42B6 /* HFAppDelegate.m */,
				1848AF1C16328FD800AD42B6 /* Supporting Files */,
				96876D90164C048400406C92 /* HomeViewController.h */,
				96876D91164C048500406C92 /* HomeViewController.m */,
				96876D92164C048500406C92 /* HomeViewController.xib */,
			);
			path = HFFrame;
			sourceTree = "<group>";
		};
		1848AF1C16328FD800AD42B6 /* Supporting Files */ = {
			isa = PBXGroup;
			children = (
				1848AF1D16328FD800AD42B6 /* HFFrame-Info.plist */,
				1848AF1E16328FD800AD42B6 /* InfoPlist.strings */,
				1848AF2116328FD800AD42B6 /* main.m */,
				1848AF2316328FD800AD42B6 /* HFFrame-Prefix.pch */,
				1848AF2716328FD800AD42B6 /* Default.png */,
				1848AF2916328FD800AD42B6 /* Default@2x.png */,
				1848AF2B16328FD800AD42B6 /* Default-568h@2x.png */,
			);
			name = "Supporting Files";
			sourceTree = "<group>";
		};
		1887E62D1660B2470069EDC6 /* 循环ScrollView */ = {
			isa = PBXGroup;
			children = (
				183206741660BB5500EA3FD1 /* CycleScrollView.h */,
				183206751660BB5500EA3FD1 /* CycleScrollView.m */,
			);
			name = "循环ScrollView";
			sourceTree = "<group>";
		};
		603900E9E4F1B9869E1B42E4 /* Array+Additons */ = {
			isa = PBXGroup;
			children = (
				60390693556A2D35E43E2729 /* Array.m */,
				6039094F212CB306D7DE551E /* Array.h */,
			);
			name = "Array+Additons";
			sourceTree = "<group>";
		};
		603909DF0C4A042C9DAE96F0 /* HFAnimation */ = {
			isa = PBXGroup;
			children = (
				60390F639EF55A8FFAE7BF29 /* HFAnimation.h */,
				60390C31B0D47E2AE9AF071F /* HFAnimation.m */,
			);
			path = HFAnimation;
			sourceTree = "<group>";
		};
		962F7004165C9D170032A849 /* example */ = {
			isa = PBXGroup;
			children = (
				96A2F8201663444000E61D4F /* 翻转动画 */,
				96352B7E166323B7001926B9 /* 截屏动画 */,
				96FC8B0C16614B2000FEB66E /* TTTAttributedLabel */,
				1832067B1660C0DB00EA3FD1 /* 循环circleview */,
				9679168A165CD7F5006F52B9 /* 语音识别 */,
				96791683165CBF97006F52B9 /* 语音播报 */,
				962F7030165CB5870032A849 /* 动画 */,
				962F7006165C9D2B0032A849 /* 网络请求 */,
				962F701A165CAC720032A849 /* 网络图片 */,
				962F702A165CB0930032A849 /* HFButton */,
			);
			name = example;
			sourceTree = "<group>";
		};
		962F7006165C9D2B0032A849 /* 网络请求 */ = {
			isa = PBXGroup;
			children = (
				962F7007165C9D760032A849 /* HttpExampleViewController.h */,
				962F7008165C9D760032A849 /* HttpExampleViewController.m */,
				962F7009165C9D760032A849 /* HttpExampleViewController.xib */,
			);
			name = "网络请求";
			sourceTree = "<group>";
		};
		962F701A165CAC720032A849 /* 网络图片 */ = {
			isa = PBXGroup;
			children = (
				962F701B165CACAB0032A849 /* WebPictureViewController.h */,
				962F701C165CACAB0032A849 /* WebPictureViewController.m */,
				962F701D165CACAB0032A849 /* WebPictureViewController.xib */,
			);
			name = "网络图片";
			sourceTree = "<group>";
		};
		962F702A165CB0930032A849 /* HFButton */ = {
			isa = PBXGroup;
			children = (
				962F7025165CAFD20032A849 /* HFButtonExampleViewController.h */,
				962F7026165CAFD20032A849 /* HFButtonExampleViewController.m */,
				962F7027165CAFD20032A849 /* HFButtonExampleViewController.xib */,
			);
			name = HFButton;
			sourceTree = "<group>";
		};
		962F7030165CB5870032A849 /* 动画 */ = {
			isa = PBXGroup;
			children = (
				962F702B165CB5800032A849 /* AnimationExampleViewController.h */,
				962F702C165CB5800032A849 /* AnimationExampleViewController.m */,
				962F702D165CB5810032A849 /* AnimationExampleViewController.xib */,
			);
			name = "动画";
			sourceTree = "<group>";
		};
		96352B6616631AE0001926B9 /* UIView+ScreenShot */ = {
			isa = PBXGroup;
			children = (
				96352B6816631B53001926B9 /* UIView+Screenshot.h */,
				96352B6916631B53001926B9 /* UIView+Screenshot.m */,
			);
			name = "UIView+ScreenShot";
			sourceTree = "<group>";
		};
		96352B7E166323B7001926B9 /* 截屏动画 */ = {
			isa = PBXGroup;
			children = (
				96352B78166323A1001926B9 /* ScreenshotExampleViewController.h */,
				96352B79166323A1001926B9 /* ScreenshotExampleViewController.m */,
				96352B7A166323A1001926B9 /* ScreenshotExampleViewController.xib */,
			);
			name = "截屏动画";
			sourceTree = "<group>";
		};
		96791683165CBF97006F52B9 /* 语音播报 */ = {
			isa = PBXGroup;
			children = (
				96791685165CBFE2006F52B9 /* VoiceReadViewController.h */,
				96791686165CBFE2006F52B9 /* VoiceReadViewController.m */,
				96791687165CBFE2006F52B9 /* VoiceReadViewController.xib */,
			);
			name = "语音播报";
			sourceTree = "<group>";
		};
		9679168A165CD7F5006F52B9 /* 语音识别 */ = {
			isa = PBXGroup;
			children = (
				9679168B165CD819006F52B9 /* VoiceExampleViewController.h */,
				9679168C165CD819006F52B9 /* VoiceExampleViewController.m */,
				9679168D165CD819006F52B9 /* VoiceExampleViewController.xib */,
			);
			name = "语音识别";
			sourceTree = "<group>";
		};
		96876D70164BA44200406C92 /* NSString+Additions包含判断格式化 */ = {
			isa = PBXGroup;
			children = (
				96876D73164BA44200406C92 /* NSString+Additions.h */,
				96876D74164BA44200406C92 /* NSString+Additions.m */,
			);
			name = "NSString+Additions包含判断格式化";
			path = "GlobClass/NSString+Additions";
			sourceTree = SOURCE_ROOT;
		};
		96876D78164BB66D00406C92 /* BaseViewController */ = {
			isa = PBXGroup;
			children = (
				1848AF2D16328FD800AD42B6 /* HFBaseViewController.h */,
				1848AF2E16328FD800AD42B6 /* HFBaseViewController.m */,
				1848AF3016328FD800AD42B6 /* HFBaseViewController.xib */,
			);
			name = BaseViewController;
			sourceTree = "<group>";
		};
		96876D79164BB8B100406C92 /* UIImage-Extensions缩放旋转裁剪 */ = {
			isa = PBXGroup;
			children = (
				96876D7A164BB8B100406C92 /* UIImage+Extensions.h */,
				96876D7B164BB8B100406C92 /* UIImage+Extensions.m */,
			);
			name = "UIImage-Extensions缩放旋转裁剪";
			path = "GlobClass/UIImage-Extensions";
			sourceTree = SOURCE_ROOT;
		};
		96876D7D164BBBB800406C92 /* UIViewAddition长高宽 */ = {
			isa = PBXGroup;
			children = (
				96876D7E164BBBB800406C92 /* UIViewAdditions.h */,
				96876D7F164BBBB800406C92 /* UIViewAdditions.m */,
			);
			name = "UIViewAddition长高宽";
			path = GlobClass/UIViewAddition;
			sourceTree = SOURCE_ROOT;
		};
		96876D81164BCA5100406C92 /* 全局参数 */ = {
			isa = PBXGroup;
			children = (
				96876D82164BCAD000406C92 /* Global_macro.h */,
				96876D83164BCAD000406C92 /* Global_macro.m */,
			);
			name = "全局参数";
			sourceTree = "<group>";
		};
		96876D8F164C041700406C92 /* Class */ = {
			isa = PBXGroup;
			children = (
				96352B6616631AE0001926B9 /* UIView+ScreenShot */,
				96FC8B0716614A0D00FEB66E /* TTTAttributedLabel */,
				603909DF0C4A042C9DAE96F0 /* HFAnimation */,
				1887E62D1660B2470069EDC6 /* 循环ScrollView */,
				603909DF0C4A042C9DAE96F0 /* HFAnimation */,
				969D90BD1658FAD000A382B2 /* HFButton */,
				969D90AF1658C88100A382B2 /* UIColor+Additons */,
				9693403816561F5200F1BDC1 /* NSDictionary+Additons */,
				96FC7410164CF8CE005ACABC /* SDWebImage */,
				96E517301632B82500E7D20C /* AFNetwprking */,
				96EAC5EF16411081003D9281 /* RegexKitLite正则表达式 */,
				96876D70164BA44200406C92 /* NSString+Additions包含判断格式化 */,
				96876D79164BB8B100406C92 /* UIImage-Extensions缩放旋转裁剪 */,
				96876D7D164BBBB800406C92 /* UIViewAddition长高宽 */,
				603900E9E4F1B9869E1B42E4 /* Array+Additons */,
			);
			name = Class;
			sourceTree = "<group>";
		};
		9693403816561F5200F1BDC1 /* NSDictionary+Additons */ = {
			isa = PBXGroup;
			children = (
				9693403716561F3A00F1BDC1 /* NSDictionary_HFDictionary.h */,
				9693403916561F8D00F1BDC1 /* NSDictionary_HFDictionary.m */,
			);
			name = "NSDictionary+Additons";
			sourceTree = "<group>";
		};
		969D909A1658A9A500A382B2 /* style */ = {
			isa = PBXGroup;
			children = (
				969D909F1658AC4C00A382B2 /* ImageSource */,
				969D909C1658A9EA00A382B2 /* HFStyle.h */,
				969D909D1658A9EA00A382B2 /* HFStyle.m */,
			);
			name = style;
			sourceTree = "<group>";
		};
		969D909F1658AC4C00A382B2 /* ImageSource */ = {
			isa = PBXGroup;
			children = (
				969D90A01658AC4C00A382B2 /* btm_nav.png */,
				969D90A11658AC4C00A382B2 /* btm_nav@2x.png */,
				969D90A81658B2DD00A382B2 /* navigation.jpg */,
				969D90A91658B2DD00A382B2 /* navigation@2x.jpg */,
			);
			name = ImageSource;
			path = Global/style/ImageSource;
			sourceTree = "<group>";
		};
		969D90AF1658C88100A382B2 /* UIColor+Additons */ = {
			isa = PBXGroup;
			children = (
				969D90AC1658C57000A382B2 /* UIColor+Hex.h */,
				969D90AD1658C57000A382B2 /* UIColor+Hex.m */,
			);
			name = "UIColor+Additons";
			sourceTree = "<group>";
		};
		969D90BD1658FAD000A382B2 /* HFButton */ = {
			isa = PBXGroup;
			children = (
				969D90BE1658FB6200A382B2 /* HFButton.h */,
				969D90BF1658FB6200A382B2 /* HFButton.m */,
			);
			name = HFButton;
			sourceTree = "<group>";
		};
		96A2F8201663444000E61D4F /* 翻转动画 */ = {
			isa = PBXGroup;
			children = (
				96A2F81A1663443B00E61D4F /* FlodExampleViewController.h */,
				96A2F81B1663443B00E61D4F /* FlodExampleViewController.m */,
				96A2F81C1663443B00E61D4F /* FlodExampleViewController.xib */,
			);
			name = "翻转动画";
			sourceTree = "<group>";
		};
		96E517021632AF3200E7D20C /* HFHTTP */ = {
			isa = PBXGroup;
			children = (
				96E517071632AFB300E7D20C /* HFHttpRequest.h */,
				96E517081632AFB300E7D20C /* HFHttpRequest.m */,
			);
			name = HFHTTP;
			sourceTree = "<group>";
		};
		96E517301632B82500E7D20C /* AFNetwprking */ = {
			isa = PBXGroup;
			children = (
				96E5174D1632B88400E7D20C /* AFHTTPClient.h */,
				96E5174E1632B88400E7D20C /* AFHTTPClient.m */,
				96E5174F1632B88400E7D20C /* AFHTTPRequestOperation.h */,
				96E517501632B88400E7D20C /* AFHTTPRequestOperation.m */,
				96E517511632B88400E7D20C /* AFImageRequestOperation.h */,
				96E517521632B88400E7D20C /* AFImageRequestOperation.m */,
				96E517531632B88400E7D20C /* AFJSONRequestOperation.h */,
				96E517541632B88400E7D20C /* AFJSONRequestOperation.m */,
				96E517551632B88400E7D20C /* AFNetworkActivityIndicatorManager.h */,
				96E517561632B88400E7D20C /* AFNetworkActivityIndicatorManager.m */,
				96E517571632B88400E7D20C /* AFNetworking.h */,
				96E517581632B88400E7D20C /* AFPropertyListRequestOperation.h */,
				96E517591632B88400E7D20C /* AFPropertyListRequestOperation.m */,
				96E5175A1632B88400E7D20C /* AFURLConnectionOperation.h */,
				96E5175B1632B88400E7D20C /* AFURLConnectionOperation.m */,
				96E5175C1632B88400E7D20C /* AFXMLRequestOperation.h */,
				96E5175D1632B88400E7D20C /* AFXMLRequestOperation.m */,
				96E5175E1632B88400E7D20C /* UIImageView+AFNetworking.h */,
				96E5175F1632B88400E7D20C /* UIImageView+AFNetworking.m */,
			);
			name = AFNetwprking;
			sourceTree = "<group>";
		};
		96EAC5EF16411081003D9281 /* RegexKitLite正则表达式 */ = {
			isa = PBXGroup;
			children = (
				96EAC5F0164110B6003D9281 /* RegexKitLite.h */,
				96EAC5F1164110B6003D9281 /* RegexKitLite.m */,
			);
			name = "RegexKitLite正则表达式";
			sourceTree = "<group>";
		};
		96FC7410164CF8CE005ACABC /* SDWebImage */ = {
			isa = PBXGroup;
			children = (
				96FC7411164CF8CE005ACABC /* MKAnnotationView+WebCache.h */,
				96FC7412164CF8CE005ACABC /* MKAnnotationView+WebCache.m */,
				96FC7413164CF8CE005ACABC /* SDImageCache.h */,
				96FC7414164CF8CE005ACABC /* SDImageCache.m */,
				96FC7415164CF8CE005ACABC /* SDImageCacheDelegate.h */,
				96FC7416164CF8CE005ACABC /* SDWebImageCompat.h */,
				96FC7417164CF8CE005ACABC /* SDWebImageDecoder.h */,
				96FC7418164CF8CE005ACABC /* SDWebImageDecoder.m */,
				96FC7419164CF8CE005ACABC /* SDWebImageDownloader.h */,
				96FC741A164CF8CE005ACABC /* SDWebImageDownloader.m */,
				96FC741B164CF8CE005ACABC /* SDWebImageDownloaderDelegate.h */,
				96FC741C164CF8CE005ACABC /* SDWebImageManager.h */,
				96FC741D164CF8CE005ACABC /* SDWebImageManager.m */,
				96FC741E164CF8CE005ACABC /* SDWebImageManagerDelegate.h */,
				96FC741F164CF8CE005ACABC /* SDWebImagePrefetcher.h */,
				96FC7420164CF8CE005ACABC /* SDWebImagePrefetcher.m */,
				96FC7421164CF8CE005ACABC /* UIButton+WebCache.h */,
				96FC7422164CF8CE005ACABC /* UIButton+WebCache.m */,
				96FC7423164CF8CE005ACABC /* UIImageView+WebCache.h */,
				96FC7424164CF8CE005ACABC /* UIImageView+WebCache.m */,
			);
			name = SDWebImage;
			path = GlobClass/SDWebImage;
			sourceTree = SOURCE_ROOT;
		};
		96FC8B0716614A0D00FEB66E /* TTTAttributedLabel */ = {
			isa = PBXGroup;
			children = (
				96FC8B0916614A2D00FEB66E /* TTTAttributedLabel.h */,
				96FC8B0A16614A2D00FEB66E /* TTTAttributedLabel.m */,
			);
			name = TTTAttributedLabel;
			sourceTree = "<group>";
		};
		96FC8B0C16614B2000FEB66E /* TTTAttributedLabel */ = {
			isa = PBXGroup;
			children = (
				96FC8B0D16614B8200FEB66E /* AttributedLabelControllViewController.h */,
				96FC8B0E16614B8200FEB66E /* AttributedLabelControllViewController.m */,
				96FC8B0F16614B8200FEB66E /* AttributedLabelControllViewController.xib */,
			);
			name = TTTAttributedLabel;
			sourceTree = "<group>";
		};
/* End PBXGroup section */

/* Begin PBXNativeTarget section */
		1848AF1016328FD800AD42B6 /* HFFrame */ = {
			isa = PBXNativeTarget;
			buildConfigurationList = 1848AF3516328FD800AD42B6 /* Build configuration list for PBXNativeTarget "HFFrame" */;
			buildPhases = (
				1848AF0D16328FD800AD42B6 /* Sources */,
				1848AF0E16328FD800AD42B6 /* Frameworks */,
				1848AF0F16328FD800AD42B6 /* Resources */,
			);
			buildRules = (
			);
			dependencies = (
			);
			name = HFFrame;
			productName = HFFrame;
			productReference = 1848AF1116328FD800AD42B6 /* HFFrame.app */;
			productType = "com.apple.product-type.application";
		};
/* End PBXNativeTarget section */

/* Begin PBXProject section */
		1848AF0816328FD800AD42B6 /* Project object */ = {
			isa = PBXProject;
			attributes = {
				CLASSPREFIX = DM;
				LastUpgradeCheck = 0450;
				ORGANIZATIONNAME = jason;
			};
			buildConfigurationList = 1848AF0B16328FD800AD42B6 /* Build configuration list for PBXProject "HFFrame" */;
			compatibilityVersion = "Xcode 3.2";
			developmentRegion = English;
			hasScannedForEncodings = 0;
			knownRegions = (
				en,
			);
			mainGroup = 1848AF0616328FD800AD42B6;
			productRefGroup = 1848AF1216328FD800AD42B6 /* Products */;
			projectDirPath = "";
			projectRoot = "";
			targets = (
				1848AF1016328FD800AD42B6 /* HFFrame */,
			);
		};
/* End PBXProject section */

/* Begin PBXResourcesBuildPhase section */
		1848AF0F16328FD800AD42B6 /* Resources */ = {
			isa = PBXResourcesBuildPhase;
			buildActionMask = 2147483647;
			files = (
				1848AF2016328FD800AD42B6 /* InfoPlist.strings in Resources */,
				1848AF2816328FD800AD42B6 /* Default.png in Resources */,
				1848AF2A16328FD800AD42B6 /* Default@2x.png in Resources */,
				1848AF2C16328FD800AD42B6 /* Default-568h@2x.png in Resources */,
				1848AF3216328FD800AD42B6 /* HFBaseViewController.xib in Resources */,
				96876D94164C048600406C92 /* HomeViewController.xib in Resources */,
				969D90A41658AC4C00A382B2 /* btm_nav.png in Resources */,
				969D90A51658AC4C00A382B2 /* btm_nav@2x.png in Resources */,
				969D90AA1658B2DD00A382B2 /* navigation.jpg in Resources */,
				969D90AB1658B2DD00A382B2 /* navigation@2x.jpg in Resources */,
				962F700B165C9D760032A849 /* HttpExampleViewController.xib in Resources */,
				962F701F165CACAB0032A849 /* WebPictureViewController.xib in Resources */,
				962F7029165CAFD30032A849 /* HFButtonExampleViewController.xib in Resources */,
				962F702F165CB5810032A849 /* AnimationExampleViewController.xib in Resources */,
				96791689165CBFE2006F52B9 /* VoiceReadViewController.xib in Resources */,
				9679168F165CD819006F52B9 /* VoiceExampleViewController.xib in Resources */,
				183206811660C13600EA3FD1 /* HFScrollViewViewController.xib in Resources */,
				96FC8B1116614B8200FEB66E /* AttributedLabelControllViewController.xib in Resources */,
				96352B7C166323A1001926B9 /* ScreenshotExampleViewController.xib in Resources */,
				96A2F81E1663443B00E61D4F /* FlodExampleViewController.xib in Resources */,
			);
			runOnlyForDeploymentPostprocessing = 0;
		};
/* End PBXResourcesBuildPhase section */

/* Begin PBXSourcesBuildPhase section */
		1848AF0D16328FD800AD42B6 /* Sources */ = {
			isa = PBXSourcesBuildPhase;
			buildActionMask = 2147483647;
			files = (
				1848AF2216328FD800AD42B6 /* main.m in Sources */,
				1848AF2616328FD800AD42B6 /* HFAppDelegate.m in Sources */,
				1848AF2F16328FD800AD42B6 /* HFBaseViewController.m in Sources */,
				96E517091632AFB300E7D20C /* HFHttpRequest.m in Sources */,
				96E517601632B88400E7D20C /* AFHTTPClient.m in Sources */,
				96E517611632B88400E7D20C /* AFHTTPRequestOperation.m in Sources */,
				96E517621632B88400E7D20C /* AFImageRequestOperation.m in Sources */,
				96E517631632B88400E7D20C /* AFJSONRequestOperation.m in Sources */,
				96E517641632B88400E7D20C /* AFNetworkActivityIndicatorManager.m in Sources */,
				96E517651632B88400E7D20C /* AFPropertyListRequestOperation.m in Sources */,
				96E517661632B88400E7D20C /* AFURLConnectionOperation.m in Sources */,
				96E517671632B88400E7D20C /* AFXMLRequestOperation.m in Sources */,
				96E517681632B88400E7D20C /* UIImageView+AFNetworking.m in Sources */,
				96EAC5F2164110B6003D9281 /* RegexKitLite.m in Sources */,
				96876D76164BA44200406C92 /* NSString+Additions.m in Sources */,
				96876D7C164BB8B100406C92 /* UIImage+Extensions.m in Sources */,
				96876D80164BBBB800406C92 /* UIViewAdditions.m in Sources */,
				96876D84164BCAD000406C92 /* Global_macro.m in Sources */,
				96876D93164C048600406C92 /* HomeViewController.m in Sources */,
				96FC7425164CF8CE005ACABC /* MKAnnotationView+WebCache.m in Sources */,
				96FC7426164CF8CE005ACABC /* SDImageCache.m in Sources */,
				96FC7427164CF8CE005ACABC /* SDWebImageDecoder.m in Sources */,
				96FC7428164CF8CE005ACABC /* SDWebImageDownloader.m in Sources */,
				96FC7429164CF8CE005ACABC /* SDWebImageManager.m in Sources */,
				96FC742A164CF8CE005ACABC /* SDWebImagePrefetcher.m in Sources */,
				96FC742B164CF8CE005ACABC /* UIButton+WebCache.m in Sources */,
				96FC742C164CF8CE005ACABC /* UIImageView+WebCache.m in Sources */,
				9693403A16561F8D00F1BDC1 /* NSDictionary_HFDictionary.m in Sources */,
				969D909E1658A9EA00A382B2 /* HFStyle.m in Sources */,
				969D90AE1658C57000A382B2 /* UIColor+Hex.m in Sources */,
				969D90C01658FB6200A382B2 /* HFButton.m in Sources */,
				60390DEF8443AB722552E435 /* Array.m in Sources */,
				60390F03B7B1D78B14DECB02 /* HFAnimation.m in Sources */,
				183206761660BB5500EA3FD1 /* CycleScrollView.m in Sources */,
				962F700A165C9D760032A849 /* HttpExampleViewController.m in Sources */,
				962F701E165CACAB0032A849 /* WebPictureViewController.m in Sources */,
				962F7028165CAFD30032A849 /* HFButtonExampleViewController.m in Sources */,
				962F702E165CB5810032A849 /* AnimationExampleViewController.m in Sources */,
				96791688165CBFE2006F52B9 /* VoiceReadViewController.m in Sources */,
				9679168E165CD819006F52B9 /* VoiceExampleViewController.m in Sources */,
				183206801660C13600EA3FD1 /* HFScrollViewViewController.m in Sources */,
				96FC8B0B16614A2D00FEB66E /* TTTAttributedLabel.m in Sources */,
				96FC8B1016614B8200FEB66E /* AttributedLabelControllViewController.m in Sources */,
				96352B6A16631B53001926B9 /* UIView+Screenshot.m in Sources */,
				96352B7B166323A1001926B9 /* ScreenshotExampleViewController.m in Sources */,
				96A2F81D1663443B00E61D4F /* FlodExampleViewController.m in Sources */,
			);
			runOnlyForDeploymentPostprocessing = 0;
		};
/* End PBXSourcesBuildPhase section */

/* Begin PBXVariantGroup section */
		1848AF1E16328FD800AD42B6 /* InfoPlist.strings */ = {
			isa = PBXVariantGroup;
			children = (
				1848AF1F16328FD800AD42B6 /* en */,
			);
			name = InfoPlist.strings;
			sourceTree = "<group>";
		};
		1848AF3016328FD800AD42B6 /* HFBaseViewController.xib */ = {
			isa = PBXVariantGroup;
			children = (
				1848AF3116328FD800AD42B6 /* en */,
			);
			name = HFBaseViewController.xib;
			sourceTree = "<group>";
		};
/* End PBXVariantGroup section */

/* Begin XCBuildConfiguration section */
		1848AF3316328FD800AD42B6 /* Debug */ = {
			isa = XCBuildConfiguration;
			buildSettings = {
				ALWAYS_SEARCH_USER_PATHS = NO;
				CLANG_CXX_LANGUAGE_STANDARD = "gnu++0x";
				CLANG_CXX_LIBRARY = "libc++";
				CLANG_WARN_EMPTY_BODY = YES;
				CLANG_WARN__DUPLICATE_METHOD_MATCH = YES;
				"CODE_SIGN_IDENTITY[sdk=iphoneos*]" = "iPhone Developer";
				COPY_PHASE_STRIP = NO;
				GCC_C_LANGUAGE_STANDARD = gnu99;
				GCC_DYNAMIC_NO_PIC = NO;
				GCC_OPTIMIZATION_LEVEL = 0;
				GCC_PREPROCESSOR_DEFINITIONS = (
					"DEBUG=1",
					"$(inherited)",
				);
				GCC_SYMBOLS_PRIVATE_EXTERN = NO;
				GCC_WARN_ABOUT_RETURN_TYPE = YES;
				GCC_WARN_UNINITIALIZED_AUTOS = YES;
				GCC_WARN_UNUSED_VARIABLE = YES;
				IPHONEOS_DEPLOYMENT_TARGET = 4.3;
				SDKROOT = iphoneos;
			};
			name = Debug;
		};
		1848AF3416328FD800AD42B6 /* Release */ = {
			isa = XCBuildConfiguration;
			buildSettings = {
				ALWAYS_SEARCH_USER_PATHS = NO;
				CLANG_CXX_LANGUAGE_STANDARD = "gnu++0x";
				CLANG_CXX_LIBRARY = "libc++";
				CLANG_WARN_EMPTY_BODY = YES;
				CLANG_WARN__DUPLICATE_METHOD_MATCH = YES;
				"CODE_SIGN_IDENTITY[sdk=iphoneos*]" = "iPhone Developer";
				COPY_PHASE_STRIP = YES;
				GCC_C_LANGUAGE_STANDARD = gnu99;
				GCC_WARN_ABOUT_RETURN_TYPE = YES;
				GCC_WARN_UNINITIALIZED_AUTOS = YES;
				GCC_WARN_UNUSED_VARIABLE = YES;
				IPHONEOS_DEPLOYMENT_TARGET = 4.3;
				OTHER_CFLAGS = "-DNS_BLOCK_ASSERTIONS=1";
				SDKROOT = iphoneos;
				VALIDATE_PRODUCT = YES;
			};
			name = Release;
		};
		1848AF3616328FD800AD42B6 /* Debug */ = {
			isa = XCBuildConfiguration;
			buildSettings = {
				FRAMEWORK_SEARCH_PATHS = (
					"$(inherited)",
					"\"$(SRCROOT)/GlobClass/voice/armv6-armv7\"",
				);
				GCC_PRECOMPILE_PREFIX_HEADER = YES;
				GCC_PREFIX_HEADER = "HFFrame/HFFrame-Prefix.pch";
				INFOPLIST_FILE = "HFFrame/HFFrame-Info.plist";
				IPHONEOS_DEPLOYMENT_TARGET = 5.0;
				PRODUCT_NAME = "$(TARGET_NAME)";
				WRAPPER_EXTENSION = app;
			};
			name = Debug;
		};
		1848AF3716328FD800AD42B6 /* Release */ = {
			isa = XCBuildConfiguration;
			buildSettings = {
				FRAMEWORK_SEARCH_PATHS = (
					"$(inherited)",
					"\"$(SRCROOT)/GlobClass/voice/armv6-armv7\"",
				);
				GCC_PRECOMPILE_PREFIX_HEADER = YES;
				GCC_PREFIX_HEADER = "HFFrame/HFFrame-Prefix.pch";
				INFOPLIST_FILE = "HFFrame/HFFrame-Info.plist";
				IPHONEOS_DEPLOYMENT_TARGET = 5.0;
				PRODUCT_NAME = "$(TARGET_NAME)";
				WRAPPER_EXTENSION = app;
			};
			name = Release;
		};
/* End XCBuildConfiguration section */

/* Begin XCConfigurationList section */
		1848AF0B16328FD800AD42B6 /* Build configuration list for PBXProject "HFFrame" */ = {
			isa = XCConfigurationList;
			buildConfigurations = (
				1848AF3316328FD800AD42B6 /* Debug */,
				1848AF3416328FD800AD42B6 /* Release */,
			);
			defaultConfigurationIsVisible = 0;
			defaultConfigurationName = Release;
		};
		1848AF3516328FD800AD42B6 /* Build configuration list for PBXNativeTarget "HFFrame" */ = {
			isa = XCConfigurationList;
			buildConfigurations = (
				1848AF3616328FD800AD42B6 /* Debug */,
				1848AF3716328FD800AD42B6 /* Release */,
			);
			defaultConfigurationIsVisible = 0;
			defaultConfigurationName = Release;
		};
/* End XCConfigurationList section */
	};
	rootObject = 1848AF0816328FD800AD42B6 /* Project object */;
}
